
Microsoft Visual Studio Solution File, Format Version 12.00
# Visual Studio Version 16
VisualStudioVersion = 16.0.29905.134
MinimumVisualStudioVersion = 10.0.40219.1
Project("{9A19103F-16F7-4668-BE54-9A1E7A4F7556}") = "WebCore", "WebCore\WebCore.csproj", "{7FF5950A-617A-436A-88EC-D513EF657D7C}"
EndProject
Project("{9A19103F-16F7-4668-BE54-9A1E7A4F7556}") = "APICore", "APICore\APICore.csproj", "{14D52CD1-FA34-4F34-9BDF-34B66F0B06CE}"
EndProject
Project("{9A19103F-16F7-4668-BE54-9A1E7A4F7556}") = "APIGame", "APIGame\APIGame.csproj", "{DBBAD728-0FAE-460F-A44B-56F2BC659E91}"
EndProject
Project("{9A19103F-16F7-4668-BE54-9A1E7A4F7556}") = "APIUnoGame", "APIUnoGame\APIUnoGame.csproj", "{5A183683-7485-4F7A-9B44-F173176CAF47}"
EndProject
Project("{9A19103F-16F7-4668-BE54-9A1E7A4F7556}") = "SkullTribalIntrusionServer", "SkullTribalIntrusionServer\SkullTribalIntrusionServer\SkullTribalIntrusionServer.csproj", "{FC8661E8-5E5E-40C4-9551-93FC95B3DE6D}"
EndProject
Global
	GlobalSection(SolutionConfigurationPlatforms) = preSolution
		Debug|Any CPU = Debug|Any CPU
		Release|Any CPU = Release|Any CPU
	EndGlobalSection
	GlobalSection(ProjectConfigurationPlatforms) = postSolution
		{7FF5950A-617A-436A-88EC-D513EF657D7C}.Debug|Any CPU.ActiveCfg = Debug|Any CPU
		{7FF5950A-617A-436A-88EC-D513EF657D7C}.Debug|Any CPU.Build.0 = Debug|Any CPU
		{7FF5950A-617A-436A-88EC-D513EF657D7C}.Release|Any CPU.ActiveCfg = Release|Any CPU
		{7FF5950A-617A-436A-88EC-D513EF657D7C}.Release|Any CPU.Build.0 = Release|Any CPU
		{14D52CD1-FA34-4F34-9BDF-34B66F0B06CE}.Debug|Any CPU.ActiveCfg = Debug|Any CPU
		{14D52CD1-FA34-4F34-9BDF-34B66F0B06CE}.Debug|Any CPU.Build.0 = Debug|Any CPU
		{14D52CD1-FA34-4F34-9BDF-34B66F0B06CE}.Release|Any CPU.ActiveCfg = Release|Any CPU
		{14D52CD1-FA34-4F34-9BDF-34B66F0B06CE}.Release|Any CPU.Build.0 = Release|Any CPU
		{DBBAD728-0FAE-460F-A44B-56F2BC659E91}.Debug|Any CPU.ActiveCfg = Debug|Any CPU
		{DBBAD728-0FAE-460F-A44B-56F2BC659E91}.Debug|Any CPU.Build.0 = Debug|Any CPU
		{DBBAD728-0FAE-460F-A44B-56F2BC659E91}.Release|Any CPU.ActiveCfg = Release|Any CPU
		{DBBAD728-0FAE-460F-A44B-56F2BC659E91}.Release|Any CPU.Build.0 = Release|Any CPU
		{5A183683-7485-4F7A-9B44-F173176CAF47}.Debug|Any CPU.ActiveCfg = Debug|Any CPU
		{5A183683-7485-4F7A-9B44-F173176CAF47}.Debug|Any CPU.Build.0 = Debug|Any CPU
		{5A183683-7485-4F7A-9B44-F173176CAF47}.Release|Any CPU.ActiveCfg = Release|Any CPU
		{5A183683-7485-4F7A-9B44-F173176CAF47}.Release|Any CPU.Build.0 = Release|Any CPU
		{FC8661E8-5E5E-40C4-9551-93FC95B3DE6D}.Debug|Any CPU.ActiveCfg = Debug|Any CPU
		{FC8661E8-5E5E-40C4-9551-93FC95B3DE6D}.Debug|Any CPU.Build.0 = Debug|Any CPU
		{FC8661E8-5E5E-40C4-9551-93FC95B3DE6D}.Release|Any CPU.ActiveCfg = Release|Any CPU
		{FC8661E8-5E5E-40C4-9551-93FC95B3DE6D}.Release|Any CPU.Build.0 = Release|Any CPU
	EndGlobalSection
	GlobalSection(SolutionProperties) = preSolution
		HideSolutionNode = FALSE
	EndGlobalSection
	GlobalSection(ExtensibilityGlobals) = postSolution
		SolutionGuid = {405772C1-ECB4-4BF3-BF85-33EEE991B66C}
	EndGlobalSection
EndGlobal
