
Microsoft Visual Studio Solution File, Format Version 12.00
# Visual Studio Version 16
VisualStudioVersion = 16.0.31129.286
MinimumVisualStudioVersion = 10.0.40219.1
Project("{FAE04EC0-301F-11D3-BF4B-00C04F79EFBC}") = "SkullTribalIntrusionServer", "SkullTribalIntrusionServer\SkullTribalIntrusionServer.csproj", "{50D101D4-2DC6-47B0-8B00-8589BD9ED486}"
EndProject
Global
	GlobalSection(SolutionConfigurationPlatforms) = preSolution
		Debug|Any CPU = Debug|Any CPU
		Release|Any CPU = Release|Any CPU
	EndGlobalSection
	GlobalSection(ProjectConfigurationPlatforms) = postSolution
		{50D101D4-2DC6-47B0-8B00-8589BD9ED486}.Debug|Any CPU.ActiveCfg = Debug|Any CPU
		{50D101D4-2DC6-47B0-8B00-8589BD9ED486}.Debug|Any CPU.Build.0 = Debug|Any CPU
		{50D101D4-2DC6-47B0-8B00-8589BD9ED486}.Release|Any CPU.ActiveCfg = Release|Any CPU
		{50D101D4-2DC6-47B0-8B00-8589BD9ED486}.Release|Any CPU.Build.0 = Release|Any CPU
	EndGlobalSection
	GlobalSection(SolutionProperties) = preSolution
		HideSolutionNode = FALSE
	EndGlobalSection
	GlobalSection(ExtensibilityGlobals) = postSolution
		SolutionGuid = {D7F6B190-D267-4A50-AE15-28D558081862}
	EndGlobalSection
EndGlobal
